
Microsoft Visual Studio Solution File, Format Version 12.00
# Visual Studio Version 17
VisualStudioVersion = 17.9.34616.47
MinimumVisualStudioVersion = 10.0.40219.1
Project("{FAE04EC0-301F-11D3-BF4B-00C04F79EFBC}") = "UDOnThiTracNghiemm", "UDOnThiTracNghiemm\UDOnThiTracNghiemm.csproj", "{8DF1B2D2-2BA0-4684-8254-3EE18B258CFD}"
EndProject
Global
	GlobalSection(SolutionConfigurationPlatforms) = preSolution
		Debug|Any CPU = Debug|Any CPU
		Release|Any CPU = Release|Any CPU
	EndGlobalSection
	GlobalSection(ProjectConfigurationPlatforms) = postSolution
		{8DF1B2D2-2BA0-4684-8254-3EE18B258CFD}.Debug|Any CPU.ActiveCfg = Debug|Any CPU
		{8DF1B2D2-2BA0-4684-8254-3EE18B258CFD}.Debug|Any CPU.Build.0 = Debug|Any CPU
		{8DF1B2D2-2BA0-4684-8254-3EE18B258CFD}.Release|Any CPU.ActiveCfg = Release|Any CPU
		{8DF1B2D2-2BA0-4684-8254-3EE18B258CFD}.Release|Any CPU.Build.0 = Release|Any CPU
	EndGlobalSection
	GlobalSection(SolutionProperties) = preSolution
		HideSolutionNode = FALSE
	EndGlobalSection
	GlobalSection(ExtensibilityGlobals) = postSolution
		SolutionGuid = {244CB045-81F9-44A3-8ECD-A0B74DB8E9E2}
	EndGlobalSection
EndGlobal
